
Microsoft Visual Studio Solution File, Format Version 12.00
# Visual Studio 15
VisualStudioVersion = 15.0.26124.0
MinimumVisualStudioVersion = 15.0.26124.0
Project("{2150E333-8FDC-42A3-9474-1A3956D46DE8}") = "Code", "Code", "{6A4A714C-C6C4-470F-9D4E-2ABAB89427B7}"
EndProject
Project("{FAE04EC0-301F-11D3-BF4B-00C04F79EFBC}") = "service.Api", "Code\service.Api\service.Api.csproj", "{53B78F09-4BBF-425F-A5BF-9FB6FD3E1259}"
EndProject
Project("{FAE04EC0-301F-11D3-BF4B-00C04F79EFBC}") = "service.Business", "Code\service.Business\service.Business.csproj", "{02FF2FF5-59F2-4025-966D-5606B507A353}"
EndProject
Project("{FAE04EC0-301F-11D3-BF4B-00C04F79EFBC}") = "service.Data", "Code\service.Data\service.Data.csproj", "{EF7E4AC9-9F3F-4382-A592-EBE81D32B288}"
EndProject
Project("{FAE04EC0-301F-11D3-BF4B-00C04F79EFBC}") = "service.Entities", "Code\service.Entities\service.Entities.csproj", "{7044EB98-44D9-4F13-BAAD-B5CD55EF974E}"
EndProject
Project("{FAE04EC0-301F-11D3-BF4B-00C04F79EFBC}") = "service.Test.Api", "Code\service.Test.Api\service.Test.Api.csproj", "{DE1B2AC2-426C-41C2-8D73-9A788100004C}"
EndProject
Project("{FAE04EC0-301F-11D3-BF4B-00C04F79EFBC}") = "service.Test.Business", "Code\service.Test.Business\service.Test.Business.csproj", "{C59DBE7E-07E2-4BEA-B7FE-DB6CD0E038DD}"
EndProject
Project("{FAE04EC0-301F-11D3-BF4B-00C04F79EFBC}") = "service.Test.Framework", "Code\service.Test.Framework\service.Test.Framework.csproj", "{F4385DE3-37FA-4114-A647-16285B16AE05}"
EndProject
Project("{2150E333-8FDC-42A3-9474-1A3956D46DE8}") = "Test", "Test", "{FD07AA22-6A4A-4543-94F2-267AB6A9C202}"
EndProject
Global
	GlobalSection(SolutionConfigurationPlatforms) = preSolution
		Debug|Any CPU = Debug|Any CPU
		Debug|x64 = Debug|x64
		Debug|x86 = Debug|x86
		Release|Any CPU = Release|Any CPU
		Release|x64 = Release|x64
		Release|x86 = Release|x86
	EndGlobalSection
	GlobalSection(SolutionProperties) = preSolution
		HideSolutionNode = FALSE
	EndGlobalSection
	GlobalSection(ProjectConfigurationPlatforms) = postSolution
		{53B78F09-4BBF-425F-A5BF-9FB6FD3E1259}.Debug|Any CPU.ActiveCfg = Debug|Any CPU
		{53B78F09-4BBF-425F-A5BF-9FB6FD3E1259}.Debug|Any CPU.Build.0 = Debug|Any CPU
		{53B78F09-4BBF-425F-A5BF-9FB6FD3E1259}.Debug|x64.ActiveCfg = Debug|Any CPU
		{53B78F09-4BBF-425F-A5BF-9FB6FD3E1259}.Debug|x64.Build.0 = Debug|Any CPU
		{53B78F09-4BBF-425F-A5BF-9FB6FD3E1259}.Debug|x86.ActiveCfg = Debug|Any CPU
		{53B78F09-4BBF-425F-A5BF-9FB6FD3E1259}.Debug|x86.Build.0 = Debug|Any CPU
		{53B78F09-4BBF-425F-A5BF-9FB6FD3E1259}.Release|Any CPU.ActiveCfg = Release|Any CPU
		{53B78F09-4BBF-425F-A5BF-9FB6FD3E1259}.Release|Any CPU.Build.0 = Release|Any CPU
		{53B78F09-4BBF-425F-A5BF-9FB6FD3E1259}.Release|x64.ActiveCfg = Release|Any CPU
		{53B78F09-4BBF-425F-A5BF-9FB6FD3E1259}.Release|x64.Build.0 = Release|Any CPU
		{53B78F09-4BBF-425F-A5BF-9FB6FD3E1259}.Release|x86.ActiveCfg = Release|Any CPU
		{53B78F09-4BBF-425F-A5BF-9FB6FD3E1259}.Release|x86.Build.0 = Release|Any CPU
		{02FF2FF5-59F2-4025-966D-5606B507A353}.Debug|Any CPU.ActiveCfg = Debug|Any CPU
		{02FF2FF5-59F2-4025-966D-5606B507A353}.Debug|Any CPU.Build.0 = Debug|Any CPU
		{02FF2FF5-59F2-4025-966D-5606B507A353}.Debug|x64.ActiveCfg = Debug|Any CPU
		{02FF2FF5-59F2-4025-966D-5606B507A353}.Debug|x64.Build.0 = Debug|Any CPU
		{02FF2FF5-59F2-4025-966D-5606B507A353}.Debug|x86.ActiveCfg = Debug|Any CPU
		{02FF2FF5-59F2-4025-966D-5606B507A353}.Debug|x86.Build.0 = Debug|Any CPU
		{02FF2FF5-59F2-4025-966D-5606B507A353}.Release|Any CPU.ActiveCfg = Release|Any CPU
		{02FF2FF5-59F2-4025-966D-5606B507A353}.Release|Any CPU.Build.0 = Release|Any CPU
		{02FF2FF5-59F2-4025-966D-5606B507A353}.Release|x64.ActiveCfg = Release|Any CPU
		{02FF2FF5-59F2-4025-966D-5606B507A353}.Release|x64.Build.0 = Release|Any CPU
		{02FF2FF5-59F2-4025-966D-5606B507A353}.Release|x86.ActiveCfg = Release|Any CPU
		{02FF2FF5-59F2-4025-966D-5606B507A353}.Release|x86.Build.0 = Release|Any CPU
		{EF7E4AC9-9F3F-4382-A592-EBE81D32B288}.Debug|Any CPU.ActiveCfg = Debug|Any CPU
		{EF7E4AC9-9F3F-4382-A592-EBE81D32B288}.Debug|Any CPU.Build.0 = Debug|Any CPU
		{EF7E4AC9-9F3F-4382-A592-EBE81D32B288}.Debug|x64.ActiveCfg = Debug|Any CPU
		{EF7E4AC9-9F3F-4382-A592-EBE81D32B288}.Debug|x64.Build.0 = Debug|Any CPU
		{EF7E4AC9-9F3F-4382-A592-EBE81D32B288}.Debug|x86.ActiveCfg = Debug|Any CPU
		{EF7E4AC9-9F3F-4382-A592-EBE81D32B288}.Debug|x86.Build.0 = Debug|Any CPU
		{EF7E4AC9-9F3F-4382-A592-EBE81D32B288}.Release|Any CPU.ActiveCfg = Release|Any CPU
		{EF7E4AC9-9F3F-4382-A592-EBE81D32B288}.Release|Any CPU.Build.0 = Release|Any CPU
		{EF7E4AC9-9F3F-4382-A592-EBE81D32B288}.Release|x64.ActiveCfg = Release|Any CPU
		{EF7E4AC9-9F3F-4382-A592-EBE81D32B288}.Release|x64.Build.0 = Release|Any CPU
		{EF7E4AC9-9F3F-4382-A592-EBE81D32B288}.Release|x86.ActiveCfg = Release|Any CPU
		{EF7E4AC9-9F3F-4382-A592-EBE81D32B288}.Release|x86.Build.0 = Release|Any CPU
		{7044EB98-44D9-4F13-BAAD-B5CD55EF974E}.Debug|Any CPU.ActiveCfg = Debug|Any CPU
		{7044EB98-44D9-4F13-BAAD-B5CD55EF974E}.Debug|Any CPU.Build.0 = Debug|Any CPU
		{7044EB98-44D9-4F13-BAAD-B5CD55EF974E}.Debug|x64.ActiveCfg = Debug|Any CPU
		{7044EB98-44D9-4F13-BAAD-B5CD55EF974E}.Debug|x64.Build.0 = Debug|Any CPU
		{7044EB98-44D9-4F13-BAAD-B5CD55EF974E}.Debug|x86.ActiveCfg = Debug|Any CPU
		{7044EB98-44D9-4F13-BAAD-B5CD55EF974E}.Debug|x86.Build.0 = Debug|Any CPU
		{7044EB98-44D9-4F13-BAAD-B5CD55EF974E}.Release|Any CPU.ActiveCfg = Release|Any CPU
		{7044EB98-44D9-4F13-BAAD-B5CD55EF974E}.Release|Any CPU.Build.0 = Release|Any CPU
		{7044EB98-44D9-4F13-BAAD-B5CD55EF974E}.Release|x64.ActiveCfg = Release|Any CPU
		{7044EB98-44D9-4F13-BAAD-B5CD55EF974E}.Release|x64.Build.0 = Release|Any CPU
		{7044EB98-44D9-4F13-BAAD-B5CD55EF974E}.Release|x86.ActiveCfg = Release|Any CPU
		{7044EB98-44D9-4F13-BAAD-B5CD55EF974E}.Release|x86.Build.0 = Release|Any CPU
		{DE1B2AC2-426C-41C2-8D73-9A788100004C}.Debug|Any CPU.ActiveCfg = Debug|Any CPU
		{DE1B2AC2-426C-41C2-8D73-9A788100004C}.Debug|Any CPU.Build.0 = Debug|Any CPU
		{DE1B2AC2-426C-41C2-8D73-9A788100004C}.Debug|x64.ActiveCfg = Debug|Any CPU
		{DE1B2AC2-426C-41C2-8D73-9A788100004C}.Debug|x64.Build.0 = Debug|Any CPU
		{DE1B2AC2-426C-41C2-8D73-9A788100004C}.Debug|x86.ActiveCfg = Debug|Any CPU
		{DE1B2AC2-426C-41C2-8D73-9A788100004C}.Debug|x86.Build.0 = Debug|Any CPU
		{DE1B2AC2-426C-41C2-8D73-9A788100004C}.Release|Any CPU.ActiveCfg = Release|Any CPU
		{DE1B2AC2-426C-41C2-8D73-9A788100004C}.Release|Any CPU.Build.0 = Release|Any CPU
		{DE1B2AC2-426C-41C2-8D73-9A788100004C}.Release|x64.ActiveCfg = Release|Any CPU
		{DE1B2AC2-426C-41C2-8D73-9A788100004C}.Release|x64.Build.0 = Release|Any CPU
		{DE1B2AC2-426C-41C2-8D73-9A788100004C}.Release|x86.ActiveCfg = Release|Any CPU
		{DE1B2AC2-426C-41C2-8D73-9A788100004C}.Release|x86.Build.0 = Release|Any CPU
		{C59DBE7E-07E2-4BEA-B7FE-DB6CD0E038DD}.Debug|Any CPU.ActiveCfg = Debug|Any CPU
		{C59DBE7E-07E2-4BEA-B7FE-DB6CD0E038DD}.Debug|Any CPU.Build.0 = Debug|Any CPU
		{C59DBE7E-07E2-4BEA-B7FE-DB6CD0E038DD}.Debug|x64.ActiveCfg = Debug|Any CPU
		{C59DBE7E-07E2-4BEA-B7FE-DB6CD0E038DD}.Debug|x64.Build.0 = Debug|Any CPU
		{C59DBE7E-07E2-4BEA-B7FE-DB6CD0E038DD}.Debug|x86.ActiveCfg = Debug|Any CPU
		{C59DBE7E-07E2-4BEA-B7FE-DB6CD0E038DD}.Debug|x86.Build.0 = Debug|Any CPU
		{C59DBE7E-07E2-4BEA-B7FE-DB6CD0E038DD}.Release|Any CPU.ActiveCfg = Release|Any CPU
		{C59DBE7E-07E2-4BEA-B7FE-DB6CD0E038DD}.Release|Any CPU.Build.0 = Release|Any CPU
		{C59DBE7E-07E2-4BEA-B7FE-DB6CD0E038DD}.Release|x64.ActiveCfg = Release|Any CPU
		{C59DBE7E-07E2-4BEA-B7FE-DB6CD0E038DD}.Release|x64.Build.0 = Release|Any CPU
		{C59DBE7E-07E2-4BEA-B7FE-DB6CD0E038DD}.Release|x86.ActiveCfg = Release|Any CPU
		{C59DBE7E-07E2-4BEA-B7FE-DB6CD0E038DD}.Release|x86.Build.0 = Release|Any CPU
		{F4385DE3-37FA-4114-A647-16285B16AE05}.Debug|Any CPU.ActiveCfg = Debug|Any CPU
		{F4385DE3-37FA-4114-A647-16285B16AE05}.Debug|Any CPU.Build.0 = Debug|Any CPU
		{F4385DE3-37FA-4114-A647-16285B16AE05}.Debug|x64.ActiveCfg = Debug|Any CPU
		{F4385DE3-37FA-4114-A647-16285B16AE05}.Debug|x64.Build.0 = Debug|Any CPU
		{F4385DE3-37FA-4114-A647-16285B16AE05}.Debug|x86.ActiveCfg = Debug|Any CPU
		{F4385DE3-37FA-4114-A647-16285B16AE05}.Debug|x86.Build.0 = Debug|Any CPU
		{F4385DE3-37FA-4114-A647-16285B16AE05}.Release|Any CPU.ActiveCfg = Release|Any CPU
		{F4385DE3-37FA-4114-A647-16285B16AE05}.Release|Any CPU.Build.0 = Release|Any CPU
		{F4385DE3-37FA-4114-A647-16285B16AE05}.Release|x64.ActiveCfg = Release|Any CPU
		{F4385DE3-37FA-4114-A647-16285B16AE05}.Release|x64.Build.0 = Release|Any CPU
		{F4385DE3-37FA-4114-A647-16285B16AE05}.Release|x86.ActiveCfg = Release|Any CPU
		{F4385DE3-37FA-4114-A647-16285B16AE05}.Release|x86.Build.0 = Release|Any CPU
	EndGlobalSection
	GlobalSection(NestedProjects) = preSolution
		{53B78F09-4BBF-425F-A5BF-9FB6FD3E1259} = {6A4A714C-C6C4-470F-9D4E-2ABAB89427B7}
		{02FF2FF5-59F2-4025-966D-5606B507A353} = {6A4A714C-C6C4-470F-9D4E-2ABAB89427B7}
		{EF7E4AC9-9F3F-4382-A592-EBE81D32B288} = {6A4A714C-C6C4-470F-9D4E-2ABAB89427B7}
		{7044EB98-44D9-4F13-BAAD-B5CD55EF974E} = {6A4A714C-C6C4-470F-9D4E-2ABAB89427B7}
		{DE1B2AC2-426C-41C2-8D73-9A788100004C} = {FD07AA22-6A4A-4543-94F2-267AB6A9C202}
		{C59DBE7E-07E2-4BEA-B7FE-DB6CD0E038DD} = {FD07AA22-6A4A-4543-94F2-267AB6A9C202}
		{F4385DE3-37FA-4114-A647-16285B16AE05} = {FD07AA22-6A4A-4543-94F2-267AB6A9C202}
	EndGlobalSection
EndGlobal
