
Microsoft Visual Studio Solution File, Format Version 12.00
# Visual Studio 15
VisualStudioVersion = 15.0.26124.0
MinimumVisualStudioVersion = 15.0.26124.0
Project("{2150E333-8FDC-42A3-9474-1A3956D46DE8}") = "Code", "Code", "{9437E560-FCD5-4B67-B286-5E3D3DBA0F86}"
EndProject
Project("{FAE04EC0-301F-11D3-BF4B-00C04F79EFBC}") = "serviceOne.Api", "Code\serviceOne.Api\serviceOne.Api.csproj", "{38632816-3BBC-43CF-8373-752F8CD309A0}"
EndProject
Project("{FAE04EC0-301F-11D3-BF4B-00C04F79EFBC}") = "serviceOne.Business", "Code\serviceOne.Business\serviceOne.Business.csproj", "{BED90924-0436-4174-9F1B-CAC9558DA8AB}"
EndProject
Project("{FAE04EC0-301F-11D3-BF4B-00C04F79EFBC}") = "serviceOne.Data", "Code\serviceOne.Data\serviceOne.Data.csproj", "{BBCDADDF-EB61-46B6-B6B1-7E3261101FDE}"
EndProject
Project("{FAE04EC0-301F-11D3-BF4B-00C04F79EFBC}") = "serviceOne.Entities", "Code\serviceOne.Entities\serviceOne.Entities.csproj", "{D7E786F8-3CB5-46D0-9C17-E1BF5C1BF4D9}"
EndProject
Project("{FAE04EC0-301F-11D3-BF4B-00C04F79EFBC}") = "serviceOne.Test.Api", "Code\serviceOne.Test.Api\serviceOne.Test.Api.csproj", "{8CDD0C3C-1F78-4630-8527-E70CF5D41C32}"
EndProject
Project("{FAE04EC0-301F-11D3-BF4B-00C04F79EFBC}") = "serviceOne.Test.Business", "Code\serviceOne.Test.Business\serviceOne.Test.Business.csproj", "{7051124A-E3ED-4D48-A87F-9ED1FFB27686}"
EndProject
Project("{FAE04EC0-301F-11D3-BF4B-00C04F79EFBC}") = "serviceOne.Test.Framework", "Code\serviceOne.Test.Framework\serviceOne.Test.Framework.csproj", "{3B53D47D-D0FE-401E-8727-498F8FC67C14}"
EndProject
Project("{2150E333-8FDC-42A3-9474-1A3956D46DE8}") = "Test", "Test", "{D33C0C24-DC11-43E5-AB89-F8331AC0B2E2}"
EndProject
Global
	GlobalSection(SolutionConfigurationPlatforms) = preSolution
		Debug|Any CPU = Debug|Any CPU
		Debug|x64 = Debug|x64
		Debug|x86 = Debug|x86
		Release|Any CPU = Release|Any CPU
		Release|x64 = Release|x64
		Release|x86 = Release|x86
	EndGlobalSection
	GlobalSection(SolutionProperties) = preSolution
		HideSolutionNode = FALSE
	EndGlobalSection
	GlobalSection(ProjectConfigurationPlatforms) = postSolution
		{38632816-3BBC-43CF-8373-752F8CD309A0}.Debug|Any CPU.ActiveCfg = Debug|Any CPU
		{38632816-3BBC-43CF-8373-752F8CD309A0}.Debug|Any CPU.Build.0 = Debug|Any CPU
		{38632816-3BBC-43CF-8373-752F8CD309A0}.Debug|x64.ActiveCfg = Debug|Any CPU
		{38632816-3BBC-43CF-8373-752F8CD309A0}.Debug|x64.Build.0 = Debug|Any CPU
		{38632816-3BBC-43CF-8373-752F8CD309A0}.Debug|x86.ActiveCfg = Debug|Any CPU
		{38632816-3BBC-43CF-8373-752F8CD309A0}.Debug|x86.Build.0 = Debug|Any CPU
		{38632816-3BBC-43CF-8373-752F8CD309A0}.Release|Any CPU.ActiveCfg = Release|Any CPU
		{38632816-3BBC-43CF-8373-752F8CD309A0}.Release|Any CPU.Build.0 = Release|Any CPU
		{38632816-3BBC-43CF-8373-752F8CD309A0}.Release|x64.ActiveCfg = Release|Any CPU
		{38632816-3BBC-43CF-8373-752F8CD309A0}.Release|x64.Build.0 = Release|Any CPU
		{38632816-3BBC-43CF-8373-752F8CD309A0}.Release|x86.ActiveCfg = Release|Any CPU
		{38632816-3BBC-43CF-8373-752F8CD309A0}.Release|x86.Build.0 = Release|Any CPU
		{BED90924-0436-4174-9F1B-CAC9558DA8AB}.Debug|Any CPU.ActiveCfg = Debug|Any CPU
		{BED90924-0436-4174-9F1B-CAC9558DA8AB}.Debug|Any CPU.Build.0 = Debug|Any CPU
		{BED90924-0436-4174-9F1B-CAC9558DA8AB}.Debug|x64.ActiveCfg = Debug|Any CPU
		{BED90924-0436-4174-9F1B-CAC9558DA8AB}.Debug|x64.Build.0 = Debug|Any CPU
		{BED90924-0436-4174-9F1B-CAC9558DA8AB}.Debug|x86.ActiveCfg = Debug|Any CPU
		{BED90924-0436-4174-9F1B-CAC9558DA8AB}.Debug|x86.Build.0 = Debug|Any CPU
		{BED90924-0436-4174-9F1B-CAC9558DA8AB}.Release|Any CPU.ActiveCfg = Release|Any CPU
		{BED90924-0436-4174-9F1B-CAC9558DA8AB}.Release|Any CPU.Build.0 = Release|Any CPU
		{BED90924-0436-4174-9F1B-CAC9558DA8AB}.Release|x64.ActiveCfg = Release|Any CPU
		{BED90924-0436-4174-9F1B-CAC9558DA8AB}.Release|x64.Build.0 = Release|Any CPU
		{BED90924-0436-4174-9F1B-CAC9558DA8AB}.Release|x86.ActiveCfg = Release|Any CPU
		{BED90924-0436-4174-9F1B-CAC9558DA8AB}.Release|x86.Build.0 = Release|Any CPU
		{BBCDADDF-EB61-46B6-B6B1-7E3261101FDE}.Debug|Any CPU.ActiveCfg = Debug|Any CPU
		{BBCDADDF-EB61-46B6-B6B1-7E3261101FDE}.Debug|Any CPU.Build.0 = Debug|Any CPU
		{BBCDADDF-EB61-46B6-B6B1-7E3261101FDE}.Debug|x64.ActiveCfg = Debug|Any CPU
		{BBCDADDF-EB61-46B6-B6B1-7E3261101FDE}.Debug|x64.Build.0 = Debug|Any CPU
		{BBCDADDF-EB61-46B6-B6B1-7E3261101FDE}.Debug|x86.ActiveCfg = Debug|Any CPU
		{BBCDADDF-EB61-46B6-B6B1-7E3261101FDE}.Debug|x86.Build.0 = Debug|Any CPU
		{BBCDADDF-EB61-46B6-B6B1-7E3261101FDE}.Release|Any CPU.ActiveCfg = Release|Any CPU
		{BBCDADDF-EB61-46B6-B6B1-7E3261101FDE}.Release|Any CPU.Build.0 = Release|Any CPU
		{BBCDADDF-EB61-46B6-B6B1-7E3261101FDE}.Release|x64.ActiveCfg = Release|Any CPU
		{BBCDADDF-EB61-46B6-B6B1-7E3261101FDE}.Release|x64.Build.0 = Release|Any CPU
		{BBCDADDF-EB61-46B6-B6B1-7E3261101FDE}.Release|x86.ActiveCfg = Release|Any CPU
		{BBCDADDF-EB61-46B6-B6B1-7E3261101FDE}.Release|x86.Build.0 = Release|Any CPU
		{D7E786F8-3CB5-46D0-9C17-E1BF5C1BF4D9}.Debug|Any CPU.ActiveCfg = Debug|Any CPU
		{D7E786F8-3CB5-46D0-9C17-E1BF5C1BF4D9}.Debug|Any CPU.Build.0 = Debug|Any CPU
		{D7E786F8-3CB5-46D0-9C17-E1BF5C1BF4D9}.Debug|x64.ActiveCfg = Debug|Any CPU
		{D7E786F8-3CB5-46D0-9C17-E1BF5C1BF4D9}.Debug|x64.Build.0 = Debug|Any CPU
		{D7E786F8-3CB5-46D0-9C17-E1BF5C1BF4D9}.Debug|x86.ActiveCfg = Debug|Any CPU
		{D7E786F8-3CB5-46D0-9C17-E1BF5C1BF4D9}.Debug|x86.Build.0 = Debug|Any CPU
		{D7E786F8-3CB5-46D0-9C17-E1BF5C1BF4D9}.Release|Any CPU.ActiveCfg = Release|Any CPU
		{D7E786F8-3CB5-46D0-9C17-E1BF5C1BF4D9}.Release|Any CPU.Build.0 = Release|Any CPU
		{D7E786F8-3CB5-46D0-9C17-E1BF5C1BF4D9}.Release|x64.ActiveCfg = Release|Any CPU
		{D7E786F8-3CB5-46D0-9C17-E1BF5C1BF4D9}.Release|x64.Build.0 = Release|Any CPU
		{D7E786F8-3CB5-46D0-9C17-E1BF5C1BF4D9}.Release|x86.ActiveCfg = Release|Any CPU
		{D7E786F8-3CB5-46D0-9C17-E1BF5C1BF4D9}.Release|x86.Build.0 = Release|Any CPU
		{8CDD0C3C-1F78-4630-8527-E70CF5D41C32}.Debug|Any CPU.ActiveCfg = Debug|Any CPU
		{8CDD0C3C-1F78-4630-8527-E70CF5D41C32}.Debug|Any CPU.Build.0 = Debug|Any CPU
		{8CDD0C3C-1F78-4630-8527-E70CF5D41C32}.Debug|x64.ActiveCfg = Debug|Any CPU
		{8CDD0C3C-1F78-4630-8527-E70CF5D41C32}.Debug|x64.Build.0 = Debug|Any CPU
		{8CDD0C3C-1F78-4630-8527-E70CF5D41C32}.Debug|x86.ActiveCfg = Debug|Any CPU
		{8CDD0C3C-1F78-4630-8527-E70CF5D41C32}.Debug|x86.Build.0 = Debug|Any CPU
		{8CDD0C3C-1F78-4630-8527-E70CF5D41C32}.Release|Any CPU.ActiveCfg = Release|Any CPU
		{8CDD0C3C-1F78-4630-8527-E70CF5D41C32}.Release|Any CPU.Build.0 = Release|Any CPU
		{8CDD0C3C-1F78-4630-8527-E70CF5D41C32}.Release|x64.ActiveCfg = Release|Any CPU
		{8CDD0C3C-1F78-4630-8527-E70CF5D41C32}.Release|x64.Build.0 = Release|Any CPU
		{8CDD0C3C-1F78-4630-8527-E70CF5D41C32}.Release|x86.ActiveCfg = Release|Any CPU
		{8CDD0C3C-1F78-4630-8527-E70CF5D41C32}.Release|x86.Build.0 = Release|Any CPU
		{7051124A-E3ED-4D48-A87F-9ED1FFB27686}.Debug|Any CPU.ActiveCfg = Debug|Any CPU
		{7051124A-E3ED-4D48-A87F-9ED1FFB27686}.Debug|Any CPU.Build.0 = Debug|Any CPU
		{7051124A-E3ED-4D48-A87F-9ED1FFB27686}.Debug|x64.ActiveCfg = Debug|Any CPU
		{7051124A-E3ED-4D48-A87F-9ED1FFB27686}.Debug|x64.Build.0 = Debug|Any CPU
		{7051124A-E3ED-4D48-A87F-9ED1FFB27686}.Debug|x86.ActiveCfg = Debug|Any CPU
		{7051124A-E3ED-4D48-A87F-9ED1FFB27686}.Debug|x86.Build.0 = Debug|Any CPU
		{7051124A-E3ED-4D48-A87F-9ED1FFB27686}.Release|Any CPU.ActiveCfg = Release|Any CPU
		{7051124A-E3ED-4D48-A87F-9ED1FFB27686}.Release|Any CPU.Build.0 = Release|Any CPU
		{7051124A-E3ED-4D48-A87F-9ED1FFB27686}.Release|x64.ActiveCfg = Release|Any CPU
		{7051124A-E3ED-4D48-A87F-9ED1FFB27686}.Release|x64.Build.0 = Release|Any CPU
		{7051124A-E3ED-4D48-A87F-9ED1FFB27686}.Release|x86.ActiveCfg = Release|Any CPU
		{7051124A-E3ED-4D48-A87F-9ED1FFB27686}.Release|x86.Build.0 = Release|Any CPU
		{3B53D47D-D0FE-401E-8727-498F8FC67C14}.Debug|Any CPU.ActiveCfg = Debug|Any CPU
		{3B53D47D-D0FE-401E-8727-498F8FC67C14}.Debug|Any CPU.Build.0 = Debug|Any CPU
		{3B53D47D-D0FE-401E-8727-498F8FC67C14}.Debug|x64.ActiveCfg = Debug|Any CPU
		{3B53D47D-D0FE-401E-8727-498F8FC67C14}.Debug|x64.Build.0 = Debug|Any CPU
		{3B53D47D-D0FE-401E-8727-498F8FC67C14}.Debug|x86.ActiveCfg = Debug|Any CPU
		{3B53D47D-D0FE-401E-8727-498F8FC67C14}.Debug|x86.Build.0 = Debug|Any CPU
		{3B53D47D-D0FE-401E-8727-498F8FC67C14}.Release|Any CPU.ActiveCfg = Release|Any CPU
		{3B53D47D-D0FE-401E-8727-498F8FC67C14}.Release|Any CPU.Build.0 = Release|Any CPU
		{3B53D47D-D0FE-401E-8727-498F8FC67C14}.Release|x64.ActiveCfg = Release|Any CPU
		{3B53D47D-D0FE-401E-8727-498F8FC67C14}.Release|x64.Build.0 = Release|Any CPU
		{3B53D47D-D0FE-401E-8727-498F8FC67C14}.Release|x86.ActiveCfg = Release|Any CPU
		{3B53D47D-D0FE-401E-8727-498F8FC67C14}.Release|x86.Build.0 = Release|Any CPU
	EndGlobalSection
	GlobalSection(NestedProjects) = preSolution
		{38632816-3BBC-43CF-8373-752F8CD309A0} = {9437E560-FCD5-4B67-B286-5E3D3DBA0F86}
		{BED90924-0436-4174-9F1B-CAC9558DA8AB} = {9437E560-FCD5-4B67-B286-5E3D3DBA0F86}
		{BBCDADDF-EB61-46B6-B6B1-7E3261101FDE} = {9437E560-FCD5-4B67-B286-5E3D3DBA0F86}
		{D7E786F8-3CB5-46D0-9C17-E1BF5C1BF4D9} = {9437E560-FCD5-4B67-B286-5E3D3DBA0F86}
		{8CDD0C3C-1F78-4630-8527-E70CF5D41C32} = {D33C0C24-DC11-43E5-AB89-F8331AC0B2E2}
		{7051124A-E3ED-4D48-A87F-9ED1FFB27686} = {D33C0C24-DC11-43E5-AB89-F8331AC0B2E2}
		{3B53D47D-D0FE-401E-8727-498F8FC67C14} = {D33C0C24-DC11-43E5-AB89-F8331AC0B2E2}
	EndGlobalSection
EndGlobal
